// !$*UTF8*$!
{
	archiveVersion = 1;
	classes = {
	};
	objectVersion = 50;
	objects = {

/* Begin PBXBuildFile section */
		F2CEB2C5232ABAFE00BD1EF4 /* AppDelegate.swift in Sources */ = {isa = PBXBuildFile; fileRef = F2CEB2C4232ABAFE00BD1EF4 /* AppDelegate.swift */; };
		F2CEB2C7232ABAFE00BD1EF4 /* ViewController.swift in Sources */ = {isa = PBXBuildFile; fileRef = F2CEB2C6232ABAFE00BD1EF4 /* ViewController.swift */; };
		F2CEB2CA232ABAFE00BD1EF4 /* Main.storyboard in Resources */ = {isa = PBXBuildFile; fileRef = F2CEB2C8232ABAFE00BD1EF4 /* Main.storyboard */; };
		F2CEB2CC232ABAFF00BD1EF4 /* Assets.xcassets in Resources */ = {isa = PBXBuildFile; fileRef = F2CEB2CB232ABAFF00BD1EF4 /* Assets.xcassets */; };
		F2CEB2CF232ABAFF00BD1EF4 /* LaunchScreen.storyboard in Resources */ = {isa = PBXBuildFile; fileRef = F2CEB2CD232ABAFF00BD1EF4 /* LaunchScreen.storyboard */; };
/* End PBXBuildFile section */

/* Begin PBXFileReference section */
		F2CEB2C1232ABAFE00BD1EF4 /* Labyrinth Maze Controller.app */ = {isa = PBXFileReference; explicitFileType = wrapper.application; includeInIndex = 0; path = "Labyrinth Maze Controller.app"; sourceTree = BUILT_PRODUCTS_DIR; };
		F2CEB2C4232ABAFE00BD1EF4 /* AppDelegate.swift */ = {isa = PBXFileReference; lastKnownFileType = sourcecode.swift; path = AppDelegate.swift; sourceTree = "<group>"; };
		F2CEB2C6232ABAFE00BD1EF4 /* ViewController.swift */ = {isa = PBXFileReference; lastKnownFileType = sourcecode.swift; path = ViewController.swift; sourceTree = "<group>"; };
		F2CEB2C9232ABAFE00BD1EF4 /* Base */ = {isa = PBXFileReference; lastKnownFileType = file.storyboard; name = Base; path = Base.lproj/Main.storyboard; sourceTree = "<group>"; };
		F2CEB2CB232ABAFF00BD1EF4 /* Assets.xcassets */ = {isa = PBXFileReference; lastKnownFileType = folder.assetcatalog; path = Assets.xcassets; sourceTree = "<group>"; };
		F2CEB2CE232ABAFF00BD1EF4 /* Base */ = {isa = PBXFileReference; lastKnownFileType = file.storyboard; name = Base; path = Base.lproj/LaunchScreen.storyboard; sourceTree = "<group>"; };
		F2CEB2D0232ABAFF00BD1EF4 /* Info.plist */ = {isa = PBXFileReference; lastKnownFileType = text.plist.xml; path = Info.plist; sourceTree = "<group>"; };
/* End PBXFileReference section */

/* Begin PBXFrameworksBuildPhase section */
		F2CEB2BE232ABAFE00BD1EF4 /* Frameworks */ = {
			isa = PBXFrameworksBuildPhase;
			buildActionMask = 2147483647;
			files = (
			);
			runOnlyForDeploymentPostprocessing = 0;
		};
/* End PBXFrameworksBuildPhase section */

/* Begin PBXGroup section */
		F2CEB2B8232ABAFE00BD1EF4 = {
			isa = PBXGroup;
			children = (
				F2CEB2C3232ABAFE00BD1EF4 /* Labyrinth Maze Controller */,
				F2CEB2C2232ABAFE00BD1EF4 /* Products */,
			);
			sourceTree = "<group>";
		};
		F2CEB2C2232ABAFE00BD1EF4 /* Products */ = {
			isa = PBXGroup;
			children = (
				F2CEB2C1232ABAFE00BD1EF4 /* Labyrinth Maze Controller.app */,
			);
			name = Products;
			sourceTree = "<group>";
		};
		F2CEB2C3232ABAFE00BD1EF4 /* Labyrinth Maze Controller */ = {
			isa = PBXGroup;
			children = (
				F2CEB2C4232ABAFE00BD1EF4 /* AppDelegate.swift */,
				F2CEB2C6232ABAFE00BD1EF4 /* ViewController.swift */,
				F2CEB2C8232ABAFE00BD1EF4 /* Main.storyboard */,
				F2CEB2CB232ABAFF00BD1EF4 /* Assets.xcassets */,
				F2CEB2CD232ABAFF00BD1EF4 /* LaunchScreen.storyboard */,
				F2CEB2D0232ABAFF00BD1EF4 /* Info.plist */,
			);
			path = "Labyrinth Maze Controller";
			sourceTree = "<group>";
		};
/* End PBXGroup section */

/* Begin PBXNativeTarget section */
		F2CEB2C0232ABAFE00BD1EF4 /* Labyrinth Maze Controller */ = {
			isa = PBXNativeTarget;
			buildConfigurationList = F2CEB2D3232ABAFF00BD1EF4 /* Build configuration list for PBXNativeTarget "Labyrinth Maze Controller" */;
			buildPhases = (
				F2CEB2BD232ABAFE00BD1EF4 /* Sources */,
				F2CEB2BE232ABAFE00BD1EF4 /* Frameworks */,
				F2CEB2BF232ABAFE00BD1EF4 /* Resources */,
			);
			buildRules = (
			);
			dependencies = (
			);
			name = "Labyrinth Maze Controller";
			productName = "Bluetooth Light Arduino";
			productReference = F2CEB2C1232ABAFE00BD1EF4 /* Labyrinth Maze Controller.app */;
			productType = "com.apple.product-type.application";
		};
/* End PBXNativeTarget section */

/* Begin PBXProject section */
		F2CEB2B9232ABAFE00BD1EF4 /* Project object */ = {
			isa = PBXProject;
			attributes = {
				LastSwiftUpdateCheck = 1030;
				LastUpgradeCheck = 1030;
				ORGANIZATIONNAME = "Christopher Louie";
				TargetAttributes = {
					F2CEB2C0232ABAFE00BD1EF4 = {
						CreatedOnToolsVersion = 10.3;
					};
				};
			};
			buildConfigurationList = F2CEB2BC232ABAFE00BD1EF4 /* Build configuration list for PBXProject "Labyrinth Maze Controller" */;
			compatibilityVersion = "Xcode 9.3";
			developmentRegion = en;
			hasScannedForEncodings = 0;
			knownRegions = (
				en,
				Base,
			);
			mainGroup = F2CEB2B8232ABAFE00BD1EF4;
			productRefGroup = F2CEB2C2232ABAFE00BD1EF4 /* Products */;
			projectDirPath = "";
			projectRoot = "";
			targets = (
				F2CEB2C0232ABAFE00BD1EF4 /* Labyrinth Maze Controller */,
			);
		};
/* End PBXProject section */

/* Begin PBXResourcesBuildPhase section */
		F2CEB2BF232ABAFE00BD1EF4 /* Resources */ = {
			isa = PBXResourcesBuildPhase;
			buildActionMask = 2147483647;
			files = (
				F2CEB2CF232ABAFF00BD1EF4 /* LaunchScreen.storyboard in Resources */,
				F2CEB2CC232ABAFF00BD1EF4 /* Assets.xcassets in Resources */,
				F2CEB2CA232ABAFE00BD1EF4 /* Main.storyboard in Resources */,
			);
			runOnlyForDeploymentPostprocessing = 0;
		};
/* End PBXResourcesBuildPhase section */

/* Begin PBXSourcesBuildPhase section */
		F2CEB2BD232ABAFE00BD1EF4 /* Sources */ = {
			isa = PBXSourcesBuildPhase;
			buildActionMask = 2147483647;
			files = (
				F2CEB2C7232ABAFE00BD1EF4 /* ViewController.swift in Sources */,
				F2CEB2C5232ABAFE00BD1EF4 /* AppDelegate.swift in Sources */,
			);
			runOnlyForDeploymentPostprocessing = 0;
		};
/* End PBXSourcesBuildPhase section */

/* Begin PBXVariantGroup section */
		F2CEB2C8232ABAFE00BD1EF4 /* Main.storyboard */ = {
			isa = PBXVariantGroup;
			children = (
				F2CEB2C9232ABAFE00BD1EF4 /* Base */,
			);
			name = Main.storyboard;
			sourceTree = "<group>";
		};
		F2CEB2CD232ABAFF00BD1EF4 /* LaunchScreen.storyboard */ = {
			isa = PBXVariantGroup;
			children = (
				F2CEB2CE232ABAFF00BD1EF4 /* Base */,
			);
			name = LaunchScreen.storyboard;
			sourceTree = "<group>";
		};
/* End PBXVariantGroup section */

/* Begin XCBuildConfiguration section */
		F2CEB2D1232ABAFF00BD1EF4 /* Debug */ = {
			isa = XCBuildConfiguration;
			buildSettings = {
				ALWAYS_SEARCH_USER_PATHS = NO;
				CLANG_ANALYZER_NONNULL = YES;
				CLANG_ANALYZER_NUMBER_OBJECT_CONVERSION = YES_AGGRESSIVE;
				CLANG_CXX_LANGUAGE_STANDARD = "gnu++14";
				CLANG_CXX_LIBRARY = "libc++";
				CLANG_ENABLE_MODULES = YES;
				CLANG_ENABLE_OBJC_ARC = YES;
				CLANG_ENABLE_OBJC_WEAK = YES;
				CLANG_WARN_BLOCK_CAPTURE_AUTORELEASING = YES;
				CLANG_WARN_BOOL_CONVERSION = YES;
				CLANG_WARN_COMMA = YES;
				CLANG_WARN_CONSTANT_CONVERSION = YES;
				CLANG_WARN_DEPRECATED_OBJC_IMPLEMENTATIONS = YES;
				CLANG_WARN_DIRECT_OBJC_ISA_USAGE = YES_ERROR;
				CLANG_WARN_DOCUMENTATION_COMMENTS = YES;
				CLANG_WARN_EMPTY_BODY = YES;
				CLANG_WARN_ENUM_CONVERSION = YES;
				CLANG_WARN_INFINITE_RECURSION = YES;
				CLANG_WARN_INT_CONVERSION = YES;
				CLANG_WARN_NON_LITERAL_NULL_CONVERSION = YES;
				CLANG_WARN_OBJC_IMPLICIT_RETAIN_SELF = YES;
				CLANG_WARN_OBJC_LITERAL_CONVERSION = YES;
				CLANG_WARN_OBJC_ROOT_CLASS = YES_ERROR;
				CLANG_WARN_RANGE_LOOP_ANALYSIS = YES;
				CLANG_WARN_STRICT_PROTOTYPES = YES;
				CLANG_WARN_SUSPICIOUS_MOVE = YES;
				CLANG_WARN_UNGUARDED_AVAILABILITY = YES_AGGRESSIVE;
				CLANG_WARN_UNREACHABLE_CODE = YES;
				CLANG_WARN__DUPLICATE_METHOD_MATCH = YES;
				CODE_SIGN_IDENTITY = "iPhone Developer";
				COPY_PHASE_STRIP = NO;
				DEBUG_INFORMATION_FORMAT = dwarf;
				ENABLE_STRICT_OBJC_MSGSEND = YES;
				ENABLE_TESTABILITY = YES;
				GCC_C_LANGUAGE_STANDARD = gnu11;
				GCC_DYNAMIC_NO_PIC = NO;
				GCC_NO_COMMON_BLOCKS = YES;
				GCC_OPTIMIZATION_LEVEL = 0;
				GCC_PREPROCESSOR_DEFINITIONS = (
					"DEBUG=1",
					"$(inherited)",
				);
				GCC_WARN_64_TO_32_BIT_CONVERSION = YES;
				GCC_WARN_ABOUT_RETURN_TYPE = YES_ERROR;
				GCC_WARN_UNDECLARED_SELECTOR = YES;
				GCC_WARN_UNINITIALIZED_AUTOS = YES_AGGRESSIVE;
				GCC_WARN_UNUSED_FUNCTION = YES;
				GCC_WARN_UNUSED_VARIABLE = YES;
				IPHONEOS_DEPLOYMENT_TARGET = 12.4;
				MTL_ENABLE_DEBUG_INFO = INCLUDE_SOURCE;
				MTL_FAST_MATH = YES;
				ONLY_ACTIVE_ARCH = YES;
				SDKROOT = iphoneos;
				SWIFT_ACTIVE_COMPILATION_CONDITIONS = DEBUG;
				SWIFT_OPTIMIZATION_LEVEL = "-Onone";
			};
			name = Debug;
		};
		F2CEB2D2232ABAFF00BD1EF4 /* Release */ = {
			isa = XCBuildConfiguration;
			buildSettings = {
				ALWAYS_SEARCH_USER_PATHS = NO;
				CLANG_ANALYZER_NONNULL = YES;
				CLANG_ANALYZER_NUMBER_OBJECT_CONVERSION = YES_AGGRESSIVE;
				CLANG_CXX_LANGUAGE_STANDARD = "gnu++14";
				CLANG_CXX_LIBRARY = "libc++";
				CLANG_ENABLE_MODULES = YES;
				CLANG_ENABLE_OBJC_ARC = YES;
				CLANG_ENABLE_OBJC_WEAK = YES;
				CLANG_WARN_BLOCK_CAPTURE_AUTORELEASING = YES;
				CLANG_WARN_BOOL_CONVERSION = YES;
				CLANG_WARN_COMMA = YES;
				CLANG_WARN_CONSTANT_CONVERSION = YES;
				CLANG_WARN_DEPRECATED_OBJC_IMPLEMENTATIONS = YES;
				CLANG_WARN_DIRECT_OBJC_ISA_USAGE = YES_ERROR;
				CLANG_WARN_DOCUMENTATION_COMMENTS = YES;
				CLANG_WARN_EMPTY_BODY = YES;
				CLANG_WARN_ENUM_CONVERSION = YES;
				CLANG_WARN_INFINITE_RECURSION = YES;
				CLANG_WARN_INT_CONVERSION = YES;
				CLANG_WARN_NON_LITERAL_NULL_CONVERSION = YES;
				CLANG_WARN_OBJC_IMPLICIT_RETAIN_SELF = YES;
				CLANG_WARN_OBJC_LITERAL_CONVERSION = YES;
				CLANG_WARN_OBJC_ROOT_CLASS = YES_ERROR;
				CLANG_WARN_RANGE_LOOP_ANALYSIS = YES;
				CLANG_WARN_STRICT_PROTOTYPES = YES;
				CLANG_WARN_SUSPICIOUS_MOVE = YES;
				CLANG_WARN_UNGUARDED_AVAILABILITY = YES_AGGRESSIVE;
				CLANG_WARN_UNREACHABLE_CODE = YES;
				CLANG_WARN__DUPLICATE_METHOD_MATCH = YES;
				CODE_SIGN_IDENTITY = "iPhone Developer";
				COPY_PHASE_STRIP = NO;
				DEBUG_INFORMATION_FORMAT = "dwarf-with-dsym";
				ENABLE_NS_ASSERTIONS = NO;
				ENABLE_STRICT_OBJC_MSGSEND = YES;
				GCC_C_LANGUAGE_STANDARD = gnu11;
				GCC_NO_COMMON_BLOCKS = YES;
				GCC_WARN_64_TO_32_BIT_CONVERSION = YES;
				GCC_WARN_ABOUT_RETURN_TYPE = YES_ERROR;
				GCC_WARN_UNDECLARED_SELECTOR = YES;
				GCC_WARN_UNINITIALIZED_AUTOS = YES_AGGRESSIVE;
				GCC_WARN_UNUSED_FUNCTION = YES;
				GCC_WARN_UNUSED_VARIABLE = YES;
				IPHONEOS_DEPLOYMENT_TARGET = 12.4;
				MTL_ENABLE_DEBUG_INFO = NO;
				MTL_FAST_MATH = YES;
				SDKROOT = iphoneos;
				SWIFT_COMPILATION_MODE = wholemodule;
				SWIFT_OPTIMIZATION_LEVEL = "-O";
				VALIDATE_PRODUCT = YES;
			};
			name = Release;
		};
		F2CEB2D4232ABAFF00BD1EF4 /* Debug */ = {
			isa = XCBuildConfiguration;
			buildSettings = {
				ASSETCATALOG_COMPILER_APPICON_NAME = AppIcon;
				CODE_SIGN_STYLE = Automatic;
				DEVELOPMENT_TEAM = PTG3LAJADS;
				INFOPLIST_FILE = "Labyrinth Maze Controller/Info.plist";
				IPHONEOS_DEPLOYMENT_TARGET = 12.3;
				LD_RUNPATH_SEARCH_PATHS = (
					"$(inherited)",
					"@executable_path/Frameworks",
				);
				PRODUCT_BUNDLE_IDENTIFIER = "com.christopherlouie.Labyrinth-Maze-Controller";
				PRODUCT_NAME = "$(TARGET_NAME)";
				SWIFT_VERSION = 5.0;
				TARGETED_DEVICE_FAMILY = "1,2";
			};
			name = Debug;
		};
		F2CEB2D5232ABAFF00BD1EF4 /* Release */ = {
			isa = XCBuildConfiguration;
			buildSettings = {
				ASSETCATALOG_COMPILER_APPICON_NAME = AppIcon;
				CODE_SIGN_STYLE = Automatic;
				DEVELOPMENT_TEAM = PTG3LAJADS;
				INFOPLIST_FILE = "Labyrinth Maze Controller/Info.plist";
				IPHONEOS_DEPLOYMENT_TARGET = 12.3;
				LD_RUNPATH_SEARCH_PATHS = (
					"$(inherited)",
					"@executable_path/Frameworks",
				);
				PRODUCT_BUNDLE_IDENTIFIER = "com.christopherlouie.Labyrinth-Maze-Controller";
				PRODUCT_NAME = "$(TARGET_NAME)";
				SWIFT_VERSION = 5.0;
				TARGETED_DEVICE_FAMILY = "1,2";
			};
			name = Release;
		};
/* End XCBuildConfiguration section */

/* Begin XCConfigurationList section */
		F2CEB2BC232ABAFE00BD1EF4 /* Build configuration list for PBXProject "Labyrinth Maze Controller" */ = {
			isa = XCConfigurationList;
			buildConfigurations = (
				F2CEB2D1232ABAFF00BD1EF4 /* Debug */,
				F2CEB2D2232ABAFF00BD1EF4 /* Release */,
			);
			defaultConfigurationIsVisible = 0;
			defaultConfigurationName = Release;
		};
		F2CEB2D3232ABAFF00BD1EF4 /* Build configuration list for PBXNativeTarget "Labyrinth Maze Controller" */ = {
			isa = XCConfigurationList;
			buildConfigurations = (
				F2CEB2D4232ABAFF00BD1EF4 /* Debug */,
				F2CEB2D5232ABAFF00BD1EF4 /* Release */,
			);
			defaultConfigurationIsVisible = 0;
			defaultConfigurationName = Release;
		};
/* End XCConfigurationList section */
	};
	rootObject = F2CEB2B9232ABAFE00BD1EF4 /* Project object */;
}
