// !$*UTF8*$!
{
	archiveVersion = 1;
	classes = {
	};
	objectVersion = 50;
	objects = {

/* Begin PBXBuildFile section */
		D7D187E52342E4DF009B5EB4 /* Stewart.swift in Sources */ = {isa = PBXBuildFile; fileRef = D7D187E42342E4DF009B5EB4 /* Stewart.swift */; };
		F2022EDC2381D7A200222C3E /* Extensions.swift in Sources */ = {isa = PBXBuildFile; fileRef = F2022EDB2381D7A200222C3E /* Extensions.swift */; };
		F22C28E623812C8C00EBBD69 /* BluetoothSerial.swift in Sources */ = {isa = PBXBuildFile; fileRef = F22C28E523812C8C00EBBD69 /* BluetoothSerial.swift */; };
		F28D409223440200004D4B8F /* StartViewController.swift in Sources */ = {isa = PBXBuildFile; fileRef = F28D409123440200004D4B8F /* StartViewController.swift */; };
		F28D40D62346A7AF004D4B8F /* Arrow.swift in Sources */ = {isa = PBXBuildFile; fileRef = F28D40D52346A7AF004D4B8F /* Arrow.swift */; };
		F2B9DD9423426D2700AAC274 /* AppDelegate.swift in Sources */ = {isa = PBXBuildFile; fileRef = F2B9DD9323426D2700AAC274 /* AppDelegate.swift */; };
		F2B9DD9623426D2700AAC274 /* SceneDelegate.swift in Sources */ = {isa = PBXBuildFile; fileRef = F2B9DD9523426D2700AAC274 /* SceneDelegate.swift */; };
		F2B9DD9823426D2700AAC274 /* ViewController.swift in Sources */ = {isa = PBXBuildFile; fileRef = F2B9DD9723426D2700AAC274 /* ViewController.swift */; };
		F2B9DD9B23426D2700AAC274 /* Main.storyboard in Resources */ = {isa = PBXBuildFile; fileRef = F2B9DD9923426D2700AAC274 /* Main.storyboard */; };
		F2B9DD9D23426D2900AAC274 /* Assets.xcassets in Resources */ = {isa = PBXBuildFile; fileRef = F2B9DD9C23426D2900AAC274 /* Assets.xcassets */; };
		F2B9DDA023426D2900AAC274 /* LaunchScreen.storyboard in Resources */ = {isa = PBXBuildFile; fileRef = F2B9DD9E23426D2900AAC274 /* LaunchScreen.storyboard */; };
		F2B9DDA8234278D300AAC274 /* Circle.swift in Sources */ = {isa = PBXBuildFile; fileRef = F2B9DDA7234278D300AAC274 /* Circle.swift */; };
		F2B9DDAA23428DB200AAC274 /* Utilities.swift in Sources */ = {isa = PBXBuildFile; fileRef = F2B9DDA923428DB200AAC274 /* Utilities.swift */; };
/* End PBXBuildFile section */

/* Begin PBXFileReference section */
		D7D187E42342E4DF009B5EB4 /* Stewart.swift */ = {isa = PBXFileReference; lastKnownFileType = sourcecode.swift; path = Stewart.swift; sourceTree = "<group>"; };
		F2022EDB2381D7A200222C3E /* Extensions.swift */ = {isa = PBXFileReference; lastKnownFileType = sourcecode.swift; path = Extensions.swift; sourceTree = "<group>"; };
		F22C28E523812C8C00EBBD69 /* BluetoothSerial.swift */ = {isa = PBXFileReference; lastKnownFileType = sourcecode.swift; path = BluetoothSerial.swift; sourceTree = "<group>"; };
		F28D409123440200004D4B8F /* StartViewController.swift */ = {isa = PBXFileReference; lastKnownFileType = sourcecode.swift; path = StartViewController.swift; sourceTree = "<group>"; };
		F28D40D52346A7AF004D4B8F /* Arrow.swift */ = {isa = PBXFileReference; lastKnownFileType = sourcecode.swift; path = Arrow.swift; sourceTree = "<group>"; };
		F2B9DD9023426D2700AAC274 /* Deans List.app */ = {isa = PBXFileReference; explicitFileType = wrapper.application; includeInIndex = 0; path = "Deans List.app"; sourceTree = BUILT_PRODUCTS_DIR; };
		F2B9DD9323426D2700AAC274 /* AppDelegate.swift */ = {isa = PBXFileReference; lastKnownFileType = sourcecode.swift; path = AppDelegate.swift; sourceTree = "<group>"; };
		F2B9DD9523426D2700AAC274 /* SceneDelegate.swift */ = {isa = PBXFileReference; lastKnownFileType = sourcecode.swift; path = SceneDelegate.swift; sourceTree = "<group>"; };
		F2B9DD9723426D2700AAC274 /* ViewController.swift */ = {isa = PBXFileReference; indentWidth = 5; lastKnownFileType = sourcecode.swift; path = ViewController.swift; sourceTree = "<group>"; };
		F2B9DD9A23426D2700AAC274 /* Base */ = {isa = PBXFileReference; lastKnownFileType = file.storyboard; name = Base; path = Base.lproj/Main.storyboard; sourceTree = "<group>"; };
		F2B9DD9C23426D2900AAC274 /* Assets.xcassets */ = {isa = PBXFileReference; lastKnownFileType = folder.assetcatalog; path = Assets.xcassets; sourceTree = "<group>"; };
		F2B9DD9F23426D2900AAC274 /* Base */ = {isa = PBXFileReference; lastKnownFileType = file.storyboard; name = Base; path = Base.lproj/LaunchScreen.storyboard; sourceTree = "<group>"; };
		F2B9DDA123426D2900AAC274 /* Info.plist */ = {isa = PBXFileReference; lastKnownFileType = text.plist.xml; path = Info.plist; sourceTree = "<group>"; };
		F2B9DDA7234278D300AAC274 /* Circle.swift */ = {isa = PBXFileReference; lastKnownFileType = sourcecode.swift; path = Circle.swift; sourceTree = "<group>"; };
		F2B9DDA923428DB200AAC274 /* Utilities.swift */ = {isa = PBXFileReference; lastKnownFileType = sourcecode.swift; path = Utilities.swift; sourceTree = "<group>"; };
/* End PBXFileReference section */

/* Begin PBXFrameworksBuildPhase section */
		F2B9DD8D23426D2700AAC274 /* Frameworks */ = {
			isa = PBXFrameworksBuildPhase;
			buildActionMask = 2147483647;
			files = (
			);
			runOnlyForDeploymentPostprocessing = 0;
		};
/* End PBXFrameworksBuildPhase section */

/* Begin PBXGroup section */
		F22C28E223811C7800EBBD69 /* View */ = {
			isa = PBXGroup;
			children = (
				F2B9DDA7234278D300AAC274 /* Circle.swift */,
				F28D40D52346A7AF004D4B8F /* Arrow.swift */,
			);
			path = View;
			sourceTree = "<group>";
		};
		F22C28E323811CAD00EBBD69 /* Controller */ = {
			isa = PBXGroup;
			children = (
				F28D409123440200004D4B8F /* StartViewController.swift */,
				F2B9DD9723426D2700AAC274 /* ViewController.swift */,
			);
			path = Controller;
			sourceTree = "<group>";
		};
		F22C28E423811CBC00EBBD69 /* Utility */ = {
			isa = PBXGroup;
			children = (
				F2B9DDA923428DB200AAC274 /* Utilities.swift */,
				F2022EDB2381D7A200222C3E /* Extensions.swift */,
				D7D187E42342E4DF009B5EB4 /* Stewart.swift */,
				F22C28E523812C8C00EBBD69 /* BluetoothSerial.swift */,
			);
			path = Utility;
			sourceTree = "<group>";
		};
		F2B9DD8723426D2700AAC274 = {
			isa = PBXGroup;
			children = (
				F2B9DD9223426D2700AAC274 /* Stewart Platform Controller */,
				F2B9DD9123426D2700AAC274 /* Products */,
			);
			sourceTree = "<group>";
		};
		F2B9DD9123426D2700AAC274 /* Products */ = {
			isa = PBXGroup;
			children = (
				F2B9DD9023426D2700AAC274 /* Deans List.app */,
			);
			name = Products;
			sourceTree = "<group>";
		};
		F2B9DD9223426D2700AAC274 /* Stewart Platform Controller */ = {
			isa = PBXGroup;
			children = (
				F2B9DD9323426D2700AAC274 /* AppDelegate.swift */,
				F2B9DD9523426D2700AAC274 /* SceneDelegate.swift */,
				F22C28E323811CAD00EBBD69 /* Controller */,
				F22C28E223811C7800EBBD69 /* View */,
				F22C28E423811CBC00EBBD69 /* Utility */,
				F2B9DD9923426D2700AAC274 /* Main.storyboard */,
				F2B9DD9C23426D2900AAC274 /* Assets.xcassets */,
				F2B9DD9E23426D2900AAC274 /* LaunchScreen.storyboard */,
				F2B9DDA123426D2900AAC274 /* Info.plist */,
			);
			path = "Stewart Platform Controller";
			sourceTree = "<group>";
		};
/* End PBXGroup section */

/* Begin PBXNativeTarget section */
		F2B9DD8F23426D2700AAC274 /* Stewart Platform Controller */ = {
			isa = PBXNativeTarget;
			buildConfigurationList = F2B9DDA423426D2900AAC274 /* Build configuration list for PBXNativeTarget "Stewart Platform Controller" */;
			buildPhases = (
				F2B9DD8C23426D2700AAC274 /* Sources */,
				F2B9DD8D23426D2700AAC274 /* Frameworks */,
				F2B9DD8E23426D2700AAC274 /* Resources */,
			);
			buildRules = (
			);
			dependencies = (
			);
			name = "Stewart Platform Controller";
			productName = "Core Motion Test";
			productReference = F2B9DD9023426D2700AAC274 /* Deans List.app */;
			productType = "com.apple.product-type.application";
		};
/* End PBXNativeTarget section */

/* Begin PBXProject section */
		F2B9DD8823426D2700AAC274 /* Project object */ = {
			isa = PBXProject;
			attributes = {
				LastSwiftUpdateCheck = 1100;
				LastUpgradeCheck = 1100;
				ORGANIZATIONNAME = "Christopher Louie";
				TargetAttributes = {
					F2B9DD8F23426D2700AAC274 = {
						CreatedOnToolsVersion = 11.0;
					};
				};
			};
			buildConfigurationList = F2B9DD8B23426D2700AAC274 /* Build configuration list for PBXProject "Stewart Platform Controller" */;
			compatibilityVersion = "Xcode 9.3";
			developmentRegion = en;
			hasScannedForEncodings = 0;
			knownRegions = (
				en,
				Base,
			);
			mainGroup = F2B9DD8723426D2700AAC274;
			productRefGroup = F2B9DD9123426D2700AAC274 /* Products */;
			projectDirPath = "";
			projectRoot = "";
			targets = (
				F2B9DD8F23426D2700AAC274 /* Stewart Platform Controller */,
			);
		};
/* End PBXProject section */

/* Begin PBXResourcesBuildPhase section */
		F2B9DD8E23426D2700AAC274 /* Resources */ = {
			isa = PBXResourcesBuildPhase;
			buildActionMask = 2147483647;
			files = (
				F2B9DDA023426D2900AAC274 /* LaunchScreen.storyboard in Resources */,
				F2B9DD9D23426D2900AAC274 /* Assets.xcassets in Resources */,
				F2B9DD9B23426D2700AAC274 /* Main.storyboard in Resources */,
			);
			runOnlyForDeploymentPostprocessing = 0;
		};
/* End PBXResourcesBuildPhase section */

/* Begin PBXSourcesBuildPhase section */
		F2B9DD8C23426D2700AAC274 /* Sources */ = {
			isa = PBXSourcesBuildPhase;
			buildActionMask = 2147483647;
			files = (
				F2B9DD9823426D2700AAC274 /* ViewController.swift in Sources */,
				F28D40D62346A7AF004D4B8F /* Arrow.swift in Sources */,
				F28D409223440200004D4B8F /* StartViewController.swift in Sources */,
				F2B9DDA8234278D300AAC274 /* Circle.swift in Sources */,
				F22C28E623812C8C00EBBD69 /* BluetoothSerial.swift in Sources */,
				F2022EDC2381D7A200222C3E /* Extensions.swift in Sources */,
				D7D187E52342E4DF009B5EB4 /* Stewart.swift in Sources */,
				F2B9DDAA23428DB200AAC274 /* Utilities.swift in Sources */,
				F2B9DD9423426D2700AAC274 /* AppDelegate.swift in Sources */,
				F2B9DD9623426D2700AAC274 /* SceneDelegate.swift in Sources */,
			);
			runOnlyForDeploymentPostprocessing = 0;
		};
/* End PBXSourcesBuildPhase section */

/* Begin PBXVariantGroup section */
		F2B9DD9923426D2700AAC274 /* Main.storyboard */ = {
			isa = PBXVariantGroup;
			children = (
				F2B9DD9A23426D2700AAC274 /* Base */,
			);
			name = Main.storyboard;
			sourceTree = "<group>";
		};
		F2B9DD9E23426D2900AAC274 /* LaunchScreen.storyboard */ = {
			isa = PBXVariantGroup;
			children = (
				F2B9DD9F23426D2900AAC274 /* Base */,
			);
			name = LaunchScreen.storyboard;
			sourceTree = "<group>";
		};
/* End PBXVariantGroup section */

/* Begin XCBuildConfiguration section */
		F2B9DDA223426D2900AAC274 /* Debug */ = {
			isa = XCBuildConfiguration;
			buildSettings = {
				ALWAYS_SEARCH_USER_PATHS = NO;
				CLANG_ANALYZER_NONNULL = YES;
				CLANG_ANALYZER_NUMBER_OBJECT_CONVERSION = YES_AGGRESSIVE;
				CLANG_CXX_LANGUAGE_STANDARD = "gnu++14";
				CLANG_CXX_LIBRARY = "libc++";
				CLANG_ENABLE_MODULES = YES;
				CLANG_ENABLE_OBJC_ARC = YES;
				CLANG_ENABLE_OBJC_WEAK = YES;
				CLANG_WARN_BLOCK_CAPTURE_AUTORELEASING = YES;
				CLANG_WARN_BOOL_CONVERSION = YES;
				CLANG_WARN_COMMA = YES;
				CLANG_WARN_CONSTANT_CONVERSION = YES;
				CLANG_WARN_DEPRECATED_OBJC_IMPLEMENTATIONS = YES;
				CLANG_WARN_DIRECT_OBJC_ISA_USAGE = YES_ERROR;
				CLANG_WARN_DOCUMENTATION_COMMENTS = YES;
				CLANG_WARN_EMPTY_BODY = YES;
				CLANG_WARN_ENUM_CONVERSION = YES;
				CLANG_WARN_INFINITE_RECURSION = YES;
				CLANG_WARN_INT_CONVERSION = YES;
				CLANG_WARN_NON_LITERAL_NULL_CONVERSION = YES;
				CLANG_WARN_OBJC_IMPLICIT_RETAIN_SELF = YES;
				CLANG_WARN_OBJC_LITERAL_CONVERSION = YES;
				CLANG_WARN_OBJC_ROOT_CLASS = YES_ERROR;
				CLANG_WARN_RANGE_LOOP_ANALYSIS = YES;
				CLANG_WARN_STRICT_PROTOTYPES = YES;
				CLANG_WARN_SUSPICIOUS_MOVE = YES;
				CLANG_WARN_UNGUARDED_AVAILABILITY = YES_AGGRESSIVE;
				CLANG_WARN_UNREACHABLE_CODE = YES;
				CLANG_WARN__DUPLICATE_METHOD_MATCH = YES;
				COPY_PHASE_STRIP = NO;
				DEBUG_INFORMATION_FORMAT = dwarf;
				ENABLE_STRICT_OBJC_MSGSEND = YES;
				ENABLE_TESTABILITY = YES;
				GCC_C_LANGUAGE_STANDARD = gnu11;
				GCC_DYNAMIC_NO_PIC = NO;
				GCC_NO_COMMON_BLOCKS = YES;
				GCC_OPTIMIZATION_LEVEL = 0;
				GCC_PREPROCESSOR_DEFINITIONS = (
					"DEBUG=1",
					"$(inherited)",
				);
				GCC_WARN_64_TO_32_BIT_CONVERSION = YES;
				GCC_WARN_ABOUT_RETURN_TYPE = YES_ERROR;
				GCC_WARN_UNDECLARED_SELECTOR = YES;
				GCC_WARN_UNINITIALIZED_AUTOS = YES_AGGRESSIVE;
				GCC_WARN_UNUSED_FUNCTION = YES;
				GCC_WARN_UNUSED_VARIABLE = YES;
				IPHONEOS_DEPLOYMENT_TARGET = 13.0;
				MTL_ENABLE_DEBUG_INFO = INCLUDE_SOURCE;
				MTL_FAST_MATH = YES;
				ONLY_ACTIVE_ARCH = YES;
				SDKROOT = iphoneos;
				SWIFT_ACTIVE_COMPILATION_CONDITIONS = DEBUG;
				SWIFT_OPTIMIZATION_LEVEL = "-Onone";
			};
			name = Debug;
		};
		F2B9DDA323426D2900AAC274 /* Release */ = {
			isa = XCBuildConfiguration;
			buildSettings = {
				ALWAYS_SEARCH_USER_PATHS = NO;
				CLANG_ANALYZER_NONNULL = YES;
				CLANG_ANALYZER_NUMBER_OBJECT_CONVERSION = YES_AGGRESSIVE;
				CLANG_CXX_LANGUAGE_STANDARD = "gnu++14";
				CLANG_CXX_LIBRARY = "libc++";
				CLANG_ENABLE_MODULES = YES;
				CLANG_ENABLE_OBJC_ARC = YES;
				CLANG_ENABLE_OBJC_WEAK = YES;
				CLANG_WARN_BLOCK_CAPTURE_AUTORELEASING = YES;
				CLANG_WARN_BOOL_CONVERSION = YES;
				CLANG_WARN_COMMA = YES;
				CLANG_WARN_CONSTANT_CONVERSION = YES;
				CLANG_WARN_DEPRECATED_OBJC_IMPLEMENTATIONS = YES;
				CLANG_WARN_DIRECT_OBJC_ISA_USAGE = YES_ERROR;
				CLANG_WARN_DOCUMENTATION_COMMENTS = YES;
				CLANG_WARN_EMPTY_BODY = YES;
				CLANG_WARN_ENUM_CONVERSION = YES;
				CLANG_WARN_INFINITE_RECURSION = YES;
				CLANG_WARN_INT_CONVERSION = YES;
				CLANG_WARN_NON_LITERAL_NULL_CONVERSION = YES;
				CLANG_WARN_OBJC_IMPLICIT_RETAIN_SELF = YES;
				CLANG_WARN_OBJC_LITERAL_CONVERSION = YES;
				CLANG_WARN_OBJC_ROOT_CLASS = YES_ERROR;
				CLANG_WARN_RANGE_LOOP_ANALYSIS = YES;
				CLANG_WARN_STRICT_PROTOTYPES = YES;
				CLANG_WARN_SUSPICIOUS_MOVE = YES;
				CLANG_WARN_UNGUARDED_AVAILABILITY = YES_AGGRESSIVE;
				CLANG_WARN_UNREACHABLE_CODE = YES;
				CLANG_WARN__DUPLICATE_METHOD_MATCH = YES;
				COPY_PHASE_STRIP = NO;
				DEBUG_INFORMATION_FORMAT = "dwarf-with-dsym";
				ENABLE_NS_ASSERTIONS = NO;
				ENABLE_STRICT_OBJC_MSGSEND = YES;
				GCC_C_LANGUAGE_STANDARD = gnu11;
				GCC_NO_COMMON_BLOCKS = YES;
				GCC_WARN_64_TO_32_BIT_CONVERSION = YES;
				GCC_WARN_ABOUT_RETURN_TYPE = YES_ERROR;
				GCC_WARN_UNDECLARED_SELECTOR = YES;
				GCC_WARN_UNINITIALIZED_AUTOS = YES_AGGRESSIVE;
				GCC_WARN_UNUSED_FUNCTION = YES;
				GCC_WARN_UNUSED_VARIABLE = YES;
				IPHONEOS_DEPLOYMENT_TARGET = 13.0;
				MTL_ENABLE_DEBUG_INFO = NO;
				MTL_FAST_MATH = YES;
				SDKROOT = iphoneos;
				SWIFT_COMPILATION_MODE = wholemodule;
				SWIFT_OPTIMIZATION_LEVEL = "-O";
				VALIDATE_PRODUCT = YES;
			};
			name = Release;
		};
		F2B9DDA523426D2900AAC274 /* Debug */ = {
			isa = XCBuildConfiguration;
			buildSettings = {
				ASSETCATALOG_COMPILER_APPICON_NAME = AppIcon;
				CODE_SIGN_STYLE = Automatic;
				DEVELOPMENT_TEAM = PTG3LAJADS;
				INFOPLIST_FILE = "Stewart Platform Controller/Info.plist";
				IPHONEOS_DEPLOYMENT_TARGET = 13.0;
				LD_RUNPATH_SEARCH_PATHS = (
					"$(inherited)",
					"@executable_path/Frameworks",
				);
				PRODUCT_BUNDLE_IDENTIFIER = "com.christopherlouie.Stewart-Platform-Controller";
				PRODUCT_NAME = "Deans List";
				SWIFT_VERSION = 5.0;
				TARGETED_DEVICE_FAMILY = "1,2";
			};
			name = Debug;
		};
		F2B9DDA623426D2900AAC274 /* Release */ = {
			isa = XCBuildConfiguration;
			buildSettings = {
				ASSETCATALOG_COMPILER_APPICON_NAME = AppIcon;
				CODE_SIGN_STYLE = Automatic;
				DEVELOPMENT_TEAM = PTG3LAJADS;
				INFOPLIST_FILE = "Stewart Platform Controller/Info.plist";
				IPHONEOS_DEPLOYMENT_TARGET = 13.0;
				LD_RUNPATH_SEARCH_PATHS = (
					"$(inherited)",
					"@executable_path/Frameworks",
				);
				PRODUCT_BUNDLE_IDENTIFIER = "com.christopherlouie.Stewart-Platform-Controller";
				PRODUCT_NAME = "Deans List";
				SWIFT_VERSION = 5.0;
				TARGETED_DEVICE_FAMILY = "1,2";
			};
			name = Release;
		};
/* End XCBuildConfiguration section */

/* Begin XCConfigurationList section */
		F2B9DD8B23426D2700AAC274 /* Build configuration list for PBXProject "Stewart Platform Controller" */ = {
			isa = XCConfigurationList;
			buildConfigurations = (
				F2B9DDA223426D2900AAC274 /* Debug */,
				F2B9DDA323426D2900AAC274 /* Release */,
			);
			defaultConfigurationIsVisible = 0;
			defaultConfigurationName = Release;
		};
		F2B9DDA423426D2900AAC274 /* Build configuration list for PBXNativeTarget "Stewart Platform Controller" */ = {
			isa = XCConfigurationList;
			buildConfigurations = (
				F2B9DDA523426D2900AAC274 /* Debug */,
				F2B9DDA623426D2900AAC274 /* Release */,
			);
			defaultConfigurationIsVisible = 0;
			defaultConfigurationName = Release;
		};
/* End XCConfigurationList section */
	};
	rootObject = F2B9DD8823426D2700AAC274 /* Project object */;
}
